Microsoft Visual Studio Solution File, Format Version 11.00
# Visual Studio 2008

Project("{C9AF1DB2-C0A7-2FBE-4857-36B698112944}") = "BrotherProejct", "Assembly-CSharp.csproj", "{8B39702C-710E-31E9-04D6-E12C2EDAF640}"
EndProject
Global
	GlobalSection(SolutionConfigurationPlatforms) = preSolution
		Debug|Any CPU = Debug|Any CPU
		Release|Any CPU = Release|Any CPU
	EndGlobalSection
	GlobalSection(ProjectConfigurationPlatforms) = postSolution
		{8B39702C-710E-31E9-04D6-E12C2EDAF640}.Debug|Any CPU.ActiveCfg = Debug|Any CPU
		{8B39702C-710E-31E9-04D6-E12C2EDAF640}.Debug|Any CPU.Build.0 = Debug|Any CPU
		{8B39702C-710E-31E9-04D6-E12C2EDAF640}.Release|Any CPU.ActiveCfg = Release|Any CPU
		{8B39702C-710E-31E9-04D6-E12C2EDAF640}.Release|Any CPU.Build.0 = Release|Any CPU
	EndGlobalSection
	GlobalSection(SolutionProperties) = preSolution
		HideSolutionNode = FALSE
	EndGlobalSection
	GlobalSection(MonoDevelopProperties) = preSolution
		StartupItem = Assembly-CSharp.csproj
	EndGlobalSection
EndGlobal
